
Microsoft Visual Studio Solution File, Format Version 12.00
# Visual Studio 14
VisualStudioVersion = 14.0.23107.0
MinimumVisualStudioVersion = 10.0.40219.1
Project("{FAE04EC0-301F-11D3-BF4B-00C04F79EFBC}") = "ConsoleApplication1", "ConsoleApplication1\ConsoleApplication1.csproj", "{B09237A5-2CB1-4A3B-BA09-748D2E0E9E6D}"
EndProject
Project("{FAE04EC0-301F-11D3-BF4B-00C04F79EFBC}") = "SharedLibrary", "SharedLibrary\SharedLibrary.csproj", "{7F18F10A-2DFA-47E0-B61A-854E0352976F}"
EndProject
Project("{FAE04EC0-301F-11D3-BF4B-00C04F79EFBC}") = "EarthShatteringTests", "EarthShatteringTests\EarthShatteringTests.csproj", "{495F1587-0AC8-4C80-A90C-D6E0273A7875}"
EndProject
Global
	GlobalSection(SolutionConfigurationPlatforms) = preSolution
		Debug|Any CPU = Debug|Any CPU
		Release|Any CPU = Release|Any CPU
	EndGlobalSection
	GlobalSection(ProjectConfigurationPlatforms) = postSolution
		{B09237A5-2CB1-4A3B-BA09-748D2E0E9E6D}.Debug|Any CPU.ActiveCfg = Debug|Any CPU
		{B09237A5-2CB1-4A3B-BA09-748D2E0E9E6D}.Debug|Any CPU.Build.0 = Debug|Any CPU
		{B09237A5-2CB1-4A3B-BA09-748D2E0E9E6D}.Release|Any CPU.ActiveCfg = Release|Any CPU
		{B09237A5-2CB1-4A3B-BA09-748D2E0E9E6D}.Release|Any CPU.Build.0 = Release|Any CPU
		{7F18F10A-2DFA-47E0-B61A-854E0352976F}.Debug|Any CPU.ActiveCfg = Debug|Any CPU
		{7F18F10A-2DFA-47E0-B61A-854E0352976F}.Debug|Any CPU.Build.0 = Debug|Any CPU
		{7F18F10A-2DFA-47E0-B61A-854E0352976F}.Release|Any CPU.ActiveCfg = Release|Any CPU
		{7F18F10A-2DFA-47E0-B61A-854E0352976F}.Release|Any CPU.Build.0 = Release|Any CPU
		{495F1587-0AC8-4C80-A90C-D6E0273A7875}.Debug|Any CPU.ActiveCfg = Debug|Any CPU
		{495F1587-0AC8-4C80-A90C-D6E0273A7875}.Debug|Any CPU.Build.0 = Debug|Any CPU
		{495F1587-0AC8-4C80-A90C-D6E0273A7875}.Release|Any CPU.ActiveCfg = Release|Any CPU
		{495F1587-0AC8-4C80-A90C-D6E0273A7875}.Release|Any CPU.Build.0 = Release|Any CPU
	EndGlobalSection
	GlobalSection(SolutionProperties) = preSolution
		HideSolutionNode = FALSE
	EndGlobalSection
EndGlobal
